
Microsoft Visual Studio Solution File, Format Version 12.00
# Visual Studio 15
VisualStudioVersion = 15.0.28307.572
MinimumVisualStudioVersion = 10.0.40219.1
Project("{FAE04EC0-301F-11D3-BF4B-00C04F79EFBC}") = "WindowsFormsApp1", "WindowsFormsApp1\WindowsFormsApp1.csproj", "{9325C729-9D59-434D-8250-F009DEF4D67D}"
EndProject
Global
	GlobalSection(SolutionConfigurationPlatforms) = preSolution
		Debug|Any CPU = Debug|Any CPU
		Release|Any CPU = Release|Any CPU
	EndGlobalSection
	GlobalSection(ProjectConfigurationPlatforms) = postSolution
		{9325C729-9D59-434D-8250-F009DEF4D67D}.Debug|Any CPU.ActiveCfg = Debug|Any CPU
		{9325C729-9D59-434D-8250-F009DEF4D67D}.Debug|Any CPU.Build.0 = Debug|Any CPU
		{9325C729-9D59-434D-8250-F009DEF4D67D}.Release|Any CPU.ActiveCfg = Release|Any CPU
		{9325C729-9D59-434D-8250-F009DEF4D67D}.Release|Any CPU.Build.0 = Release|Any CPU
	EndGlobalSection
	GlobalSection(SolutionProperties) = preSolution
		HideSolutionNode = FALSE
	EndGlobalSection
	GlobalSection(ExtensibilityGlobals) = postSolution
		SolutionGuid = {28CA4270-CA31-4906-9B16-ED83C69AA477}
	EndGlobalSection
EndGlobal
